
Microsoft Visual Studio Solution File, Format Version 12.00
# Visual Studio Version 17
VisualStudioVersion = 17.6.33829.357
MinimumVisualStudioVersion = 10.0.40219.1
Project("{888888A0-9F3D-457C-B088-3A5042F75D52}") = "Alg8", "Alg8.pyproj", "{510EB5C8-A17E-45D1-9CFC-6B11D6F6FA72}"
EndProject
Global
	GlobalSection(SolutionConfigurationPlatforms) = preSolution
		Debug|Any CPU = Debug|Any CPU
		Release|Any CPU = Release|Any CPU
	EndGlobalSection
	GlobalSection(ProjectConfigurationPlatforms) = postSolution
		{510EB5C8-A17E-45D1-9CFC-6B11D6F6FA72}.Debug|Any CPU.ActiveCfg = Debug|Any CPU
		{510EB5C8-A17E-45D1-9CFC-6B11D6F6FA72}.Release|Any CPU.ActiveCfg = Release|Any CPU
	EndGlobalSection
	GlobalSection(SolutionProperties) = preSolution
		HideSolutionNode = FALSE
	EndGlobalSection
	GlobalSection(ExtensibilityGlobals) = postSolution
		SolutionGuid = {FA3F93B8-C414-431D-9EA6-6C710F112325}
	EndGlobalSection
EndGlobal
